
Microsoft Visual Studio Solution File, Format Version 12.00
# Visual Studio 2012
Project("{D954291E-2A0B-460D-934E-DC6B0785DB48}") = "Cheeteye", "Cheeteye\Cheeteye.shproj", "{3F21549B-FA20-4525-BA9B-A401E2BB3C87}"
EndProject
Project("{FAE04EC0-301F-11D3-BF4B-00C04F79EFBC}") = "Montecasino.iOS", "iOS\Montecasino.iOS.csproj", "{7612401E-B44E-46FE-8D65-447B006DD7D5}"
EndProject
Project("{FAE04EC0-301F-11D3-BF4B-00C04F79EFBC}") = "Cheeteye.Droid", "Droid\Cheeteye.Droid.csproj", "{5FB6F507-80ED-4A5F-BE92-9D950D484149}"
EndProject
Global
	GlobalSection(SolutionConfigurationPlatforms) = preSolution
		Debug|iPhoneSimulator = Debug|iPhoneSimulator
		Release|iPhone = Release|iPhone
		Release|iPhoneSimulator = Release|iPhoneSimulator
		Debug|iPhone = Debug|iPhone
		Debug|Any CPU = Debug|Any CPU
		Release|Any CPU = Release|Any CPU
	EndGlobalSection
	GlobalSection(ProjectConfigurationPlatforms) = postSolution
		{7612401E-B44E-46FE-8D65-447B006DD7D5}.Debug|iPhoneSimulator.ActiveCfg = Debug|iPhoneSimulator
		{7612401E-B44E-46FE-8D65-447B006DD7D5}.Debug|iPhoneSimulator.Build.0 = Debug|iPhoneSimulator
		{7612401E-B44E-46FE-8D65-447B006DD7D5}.Release|iPhone.ActiveCfg = Release|iPhone
		{7612401E-B44E-46FE-8D65-447B006DD7D5}.Release|iPhone.Build.0 = Release|iPhone
		{7612401E-B44E-46FE-8D65-447B006DD7D5}.Release|iPhoneSimulator.ActiveCfg = Release|iPhoneSimulator
		{7612401E-B44E-46FE-8D65-447B006DD7D5}.Release|iPhoneSimulator.Build.0 = Release|iPhoneSimulator
		{7612401E-B44E-46FE-8D65-447B006DD7D5}.Debug|iPhone.ActiveCfg = Debug|iPhone
		{7612401E-B44E-46FE-8D65-447B006DD7D5}.Debug|iPhone.Build.0 = Debug|iPhone
		{7612401E-B44E-46FE-8D65-447B006DD7D5}.Debug|Any CPU.ActiveCfg = Debug|iPhoneSimulator
		{7612401E-B44E-46FE-8D65-447B006DD7D5}.Debug|Any CPU.Build.0 = Debug|iPhoneSimulator
		{7612401E-B44E-46FE-8D65-447B006DD7D5}.Release|Any CPU.ActiveCfg = Release|iPhone
		{7612401E-B44E-46FE-8D65-447B006DD7D5}.Release|Any CPU.Build.0 = Release|iPhone
		{5FB6F507-80ED-4A5F-BE92-9D950D484149}.Debug|iPhoneSimulator.ActiveCfg = Debug|Any CPU
		{5FB6F507-80ED-4A5F-BE92-9D950D484149}.Debug|iPhoneSimulator.Build.0 = Debug|Any CPU
		{5FB6F507-80ED-4A5F-BE92-9D950D484149}.Release|iPhone.ActiveCfg = Release|Any CPU
		{5FB6F507-80ED-4A5F-BE92-9D950D484149}.Release|iPhone.Build.0 = Release|Any CPU
		{5FB6F507-80ED-4A5F-BE92-9D950D484149}.Release|iPhoneSimulator.ActiveCfg = Release|Any CPU
		{5FB6F507-80ED-4A5F-BE92-9D950D484149}.Release|iPhoneSimulator.Build.0 = Release|Any CPU
		{5FB6F507-80ED-4A5F-BE92-9D950D484149}.Debug|iPhone.ActiveCfg = Debug|Any CPU
		{5FB6F507-80ED-4A5F-BE92-9D950D484149}.Debug|iPhone.Build.0 = Debug|Any CPU
		{5FB6F507-80ED-4A5F-BE92-9D950D484149}.Debug|Any CPU.ActiveCfg = Debug|Any CPU
		{5FB6F507-80ED-4A5F-BE92-9D950D484149}.Debug|Any CPU.Build.0 = Debug|Any CPU
		{5FB6F507-80ED-4A5F-BE92-9D950D484149}.Release|Any CPU.ActiveCfg = Release|Any CPU
		{5FB6F507-80ED-4A5F-BE92-9D950D484149}.Release|Any CPU.Build.0 = Release|Any CPU
	EndGlobalSection
EndGlobal
